// !$*UTF8*$!
{
	archiveVersion = 1;
	classes = {
	};
	objectVersion = 50;
	objects = {

/* Begin PBXBuildFile section */
		2953E9D420B885C400369614 /* AppDelegate.swift in Sources */ = {isa = PBXBuildFile; fileRef = 2953E9D320B885C400369614 /* AppDelegate.swift */; };
		2953E9D620B885C400369614 /* ViewController.swift in Sources */ = {isa = PBXBuildFile; fileRef = 2953E9D520B885C400369614 /* ViewController.swift */; };
		2953E9D920B885C400369614 /* Main.storyboard in Resources */ = {isa = PBXBuildFile; fileRef = 2953E9D720B885C400369614 /* Main.storyboard */; };
		2953E9DB20B885C500369614 /* Assets.xcassets in Resources */ = {isa = PBXBuildFile; fileRef = 2953E9DA20B885C500369614 /* Assets.xcassets */; };
		2953E9DE20B885C500369614 /* LaunchScreen.storyboard in Resources */ = {isa = PBXBuildFile; fileRef = 2953E9DC20B885C500369614 /* LaunchScreen.storyboard */; };
		2953E9E920B885C600369614 /* CarGuardTests.swift in Sources */ = {isa = PBXBuildFile; fileRef = 2953E9E820B885C600369614 /* CarGuardTests.swift */; };
/* End PBXBuildFile section */

/* Begin PBXContainerItemProxy section */
		2953E9E520B885C600369614 /* PBXContainerItemProxy */ = {
			isa = PBXContainerItemProxy;
			containerPortal = 2953E9C820B885C400369614 /* Project object */;
			proxyType = 1;
			remoteGlobalIDString = 2953E9CF20B885C400369614;
			remoteInfo = CarGuard;
		};
/* End PBXContainerItemProxy section */

/* Begin PBXFileReference section */
		2953E9D020B885C400369614 /* CarGuard.app */ = {isa = PBXFileReference; explicitFileType = wrapper.application; includeInIndex = 0; path = CarGuard.app; sourceTree = BUILT_PRODUCTS_DIR; };
		2953E9D320B885C400369614 /* AppDelegate.swift */ = {isa = PBXFileReference; lastKnownFileType = sourcecode.swift; path = AppDelegate.swift; sourceTree = "<group>"; };
		2953E9D520B885C400369614 /* ViewController.swift */ = {isa = PBXFileReference; lastKnownFileType = sourcecode.swift; path = ViewController.swift; sourceTree = "<group>"; };
		2953E9D820B885C400369614 /* Base */ = {isa = PBXFileReference; lastKnownFileType = file.storyboard; name = Base; path = Base.lproj/Main.storyboard; sourceTree = "<group>"; };
		2953E9DA20B885C500369614 /* Assets.xcassets */ = {isa = PBXFileReference; lastKnownFileType = folder.assetcatalog; path = Assets.xcassets; sourceTree = "<group>"; };
		2953E9DD20B885C500369614 /* Base */ = {isa = PBXFileReference; lastKnownFileType = file.storyboard; name = Base; path = Base.lproj/LaunchScreen.storyboard; sourceTree = "<group>"; };
		2953E9DF20B885C500369614 /* Info.plist */ = {isa = PBXFileReference; lastKnownFileType = text.plist.xml; path = Info.plist; sourceTree = "<group>"; };
		2953E9E420B885C600369614 /* CarGuardTests.xctest */ = {isa = PBXFileReference; explicitFileType = wrapper.cfbundle; includeInIndex = 0; path = CarGuardTests.xctest; sourceTree = BUILT_PRODUCTS_DIR; };
		2953E9E820B885C600369614 /* CarGuardTests.swift */ = {isa = PBXFileReference; lastKnownFileType = sourcecode.swift; path = CarGuardTests.swift; sourceTree = "<group>"; };
		2953E9EA20B885C600369614 /* Info.plist */ = {isa = PBXFileReference; lastKnownFileType = text.plist.xml; path = Info.plist; sourceTree = "<group>"; };
/* End PBXFileReference section */

/* Begin PBXFrameworksBuildPhase section */
		2953E9CD20B885C400369614 /* Frameworks */ = {
			isa = PBXFrameworksBuildPhase;
			buildActionMask = 2147483647;
			files = (
			);
			runOnlyForDeploymentPostprocessing = 0;
		};
		2953E9E120B885C600369614 /* Frameworks */ = {
			isa = PBXFrameworksBuildPhase;
			buildActionMask = 2147483647;
			files = (
			);
			runOnlyForDeploymentPostprocessing = 0;
		};
/* End PBXFrameworksBuildPhase section */

/* Begin PBXGroup section */
		2953E9C720B885C400369614 = {
			isa = PBXGroup;
			children = (
				2953E9D220B885C400369614 /* CarGuard */,
				2953E9E720B885C600369614 /* CarGuardTests */,
				2953E9D120B885C400369614 /* Products */,
			);
			sourceTree = "<group>";
		};
		2953E9D120B885C400369614 /* Products */ = {
			isa = PBXGroup;
			children = (
				2953E9D020B885C400369614 /* CarGuard.app */,
				2953E9E420B885C600369614 /* CarGuardTests.xctest */,
			);
			name = Products;
			sourceTree = "<group>";
		};
		2953E9D220B885C400369614 /* CarGuard */ = {
			isa = PBXGroup;
			children = (
				2953E9D320B885C400369614 /* AppDelegate.swift */,
				2953E9D520B885C400369614 /* ViewController.swift */,
				2953E9D720B885C400369614 /* Main.storyboard */,
				2953E9DA20B885C500369614 /* Assets.xcassets */,
				2953E9DC20B885C500369614 /* LaunchScreen.storyboard */,
				2953E9DF20B885C500369614 /* Info.plist */,
			);
			path = CarGuard;
			sourceTree = "<group>";
		};
		2953E9E720B885C600369614 /* CarGuardTests */ = {
			isa = PBXGroup;
			children = (
				2953E9E820B885C600369614 /* CarGuardTests.swift */,
				2953E9EA20B885C600369614 /* Info.plist */,
			);
			path = CarGuardTests;
			sourceTree = "<group>";
		};
/* End PBXGroup section */

/* Begin PBXNativeTarget section */
		2953E9CF20B885C400369614 /* CarGuard */ = {
			isa = PBXNativeTarget;
			buildConfigurationList = 2953E9ED20B885C600369614 /* Build configuration list for PBXNativeTarget "CarGuard" */;
			buildPhases = (
				2953E9CC20B885C400369614 /* Sources */,
				2953E9CD20B885C400369614 /* Frameworks */,
				2953E9CE20B885C400369614 /* Resources */,
			);
			buildRules = (
			);
			dependencies = (
			);
			name = CarGuard;
			productName = CarGuard;
			productReference = 2953E9D020B885C400369614 /* CarGuard.app */;
			productType = "com.apple.product-type.application";
		};
		2953E9E320B885C600369614 /* CarGuardTests */ = {
			isa = PBXNativeTarget;
			buildConfigurationList = 2953E9F020B885C600369614 /* Build configuration list for PBXNativeTarget "CarGuardTests" */;
			buildPhases = (
				2953E9E020B885C600369614 /* Sources */,
				2953E9E120B885C600369614 /* Frameworks */,
				2953E9E220B885C600369614 /* Resources */,
			);
			buildRules = (
			);
			dependencies = (
				2953E9E620B885C600369614 /* PBXTargetDependency */,
			);
			name = CarGuardTests;
			productName = CarGuardTests;
			productReference = 2953E9E420B885C600369614 /* CarGuardTests.xctest */;
			productType = "com.apple.product-type.bundle.unit-test";
		};
/* End PBXNativeTarget section */

/* Begin PBXProject section */
		2953E9C820B885C400369614 /* Project object */ = {
			isa = PBXProject;
			attributes = {
				LastSwiftUpdateCheck = 0930;
				LastUpgradeCheck = 0930;
				ORGANIZATIONNAME = Dignital;
				TargetAttributes = {
					2953E9CF20B885C400369614 = {
						CreatedOnToolsVersion = 9.3.1;
					};
					2953E9E320B885C600369614 = {
						CreatedOnToolsVersion = 9.3.1;
						TestTargetID = 2953E9CF20B885C400369614;
					};
				};
			};
			buildConfigurationList = 2953E9CB20B885C400369614 /* Build configuration list for PBXProject "CarGuard" */;
			compatibilityVersion = "Xcode 9.3";
			developmentRegion = en;
			hasScannedForEncodings = 0;
			knownRegions = (
				en,
				Base,
			);
			mainGroup = 2953E9C720B885C400369614;
			productRefGroup = 2953E9D120B885C400369614 /* Products */;
			projectDirPath = "";
			projectRoot = "";
			targets = (
				2953E9CF20B885C400369614 /* CarGuard */,
				2953E9E320B885C600369614 /* CarGuardTests */,
			);
		};
/* End PBXProject section */

/* Begin PBXResourcesBuildPhase section */
		2953E9CE20B885C400369614 /* Resources */ = {
			isa = PBXResourcesBuildPhase;
			buildActionMask = 2147483647;
			files = (
				2953E9DE20B885C500369614 /* LaunchScreen.storyboard in Resources */,
				2953E9DB20B885C500369614 /* Assets.xcassets in Resources */,
				2953E9D920B885C400369614 /* Main.storyboard in Resources */,
			);
			runOnlyForDeploymentPostprocessing = 0;
		};
		2953E9E220B885C600369614 /* Resources */ = {
			isa = PBXResourcesBuildPhase;
			buildActionMask = 2147483647;
			files = (
			);
			runOnlyForDeploymentPostprocessing = 0;
		};
/* End PBXResourcesBuildPhase section */

/* Begin PBXSourcesBuildPhase section */
		2953E9CC20B885C400369614 /* Sources */ = {
			isa = PBXSourcesBuildPhase;
			buildActionMask = 2147483647;
			files = (
				2953E9D620B885C400369614 /* ViewController.swift in Sources */,
				2953E9D420B885C400369614 /* AppDelegate.swift in Sources */,
			);
			runOnlyForDeploymentPostprocessing = 0;
		};
		2953E9E020B885C600369614 /* Sources */ = {
			isa = PBXSourcesBuildPhase;
			buildActionMask = 2147483647;
			files = (
				2953E9E920B885C600369614 /* CarGuardTests.swift in Sources */,
			);
			runOnlyForDeploymentPostprocessing = 0;
		};
/* End PBXSourcesBuildPhase section */

/* Begin PBXTargetDependency section */
		2953E9E620B885C600369614 /* PBXTargetDependency */ = {
			isa = PBXTargetDependency;
			target = 2953E9CF20B885C400369614 /* CarGuard */;
			targetProxy = 2953E9E520B885C600369614 /* PBXContainerItemProxy */;
		};
/* End PBXTargetDependency section */

/* Begin PBXVariantGroup section */
		2953E9D720B885C400369614 /* Main.storyboard */ = {
			isa = PBXVariantGroup;
			children = (
				2953E9D820B885C400369614 /* Base */,
			);
			name = Main.storyboard;
			sourceTree = "<group>";
		};
		2953E9DC20B885C500369614 /* LaunchScreen.storyboard */ = {
			isa = PBXVariantGroup;
			children = (
				2953E9DD20B885C500369614 /* Base */,
			);
			name = LaunchScreen.storyboard;
			sourceTree = "<group>";
		};
/* End PBXVariantGroup section */

/* Begin XCBuildConfiguration section */
		2953E9EB20B885C600369614 /* Debug */ = {
			isa = XCBuildConfiguration;
			buildSettings = {
				ALWAYS_SEARCH_USER_PATHS = NO;
				CLANG_ANALYZER_NONNULL = YES;
				CLANG_ANALYZER_NUMBER_OBJECT_CONVERSION = YES_AGGRESSIVE;
				CLANG_CXX_LANGUAGE_STANDARD = "gnu++14";
				CLANG_CXX_LIBRARY = "libc++";
				CLANG_ENABLE_MODULES = YES;
				CLANG_ENABLE_OBJC_ARC = YES;
				CLANG_ENABLE_OBJC_WEAK = YES;
				CLANG_WARN_BLOCK_CAPTURE_AUTORELEASING = YES;
				CLANG_WARN_BOOL_CONVERSION = YES;
				CLANG_WARN_COMMA = YES;
				CLANG_WARN_CONSTANT_CONVERSION = YES;
				CLANG_WARN_DEPRECATED_OBJC_IMPLEMENTATIONS = YES;
				CLANG_WARN_DIRECT_OBJC_ISA_USAGE = YES_ERROR;
				CLANG_WARN_DOCUMENTATION_COMMENTS = YES;
				CLANG_WARN_EMPTY_BODY = YES;
				CLANG_WARN_ENUM_CONVERSION = YES;
				CLANG_WARN_INFINITE_RECURSION = YES;
				CLANG_WARN_INT_CONVERSION = YES;
				CLANG_WARN_NON_LITERAL_NULL_CONVERSION = YES;
				CLANG_WARN_OBJC_IMPLICIT_RETAIN_SELF = YES;
				CLANG_WARN_OBJC_LITERAL_CONVERSION = YES;
				CLANG_WARN_OBJC_ROOT_CLASS = YES_ERROR;
				CLANG_WARN_RANGE_LOOP_ANALYSIS = YES;
				CLANG_WARN_STRICT_PROTOTYPES = YES;
				CLANG_WARN_SUSPICIOUS_MOVE = YES;
				CLANG_WARN_UNGUARDED_AVAILABILITY = YES_AGGRESSIVE;
				CLANG_WARN_UNREACHABLE_CODE = YES;
				CLANG_WARN__DUPLICATE_METHOD_MATCH = YES;
				CODE_SIGN_IDENTITY = "iPhone Developer";
				COPY_PHASE_STRIP = NO;
				DEBUG_INFORMATION_FORMAT = dwarf;
				ENABLE_STRICT_OBJC_MSGSEND = YES;
				ENABLE_TESTABILITY = YES;
				GCC_C_LANGUAGE_STANDARD = gnu11;
				GCC_DYNAMIC_NO_PIC = NO;
				GCC_NO_COMMON_BLOCKS = YES;
				GCC_OPTIMIZATION_LEVEL = 0;
				GCC_PREPROCESSOR_DEFINITIONS = (
					"DEBUG=1",
					"$(inherited)",
				);
				GCC_WARN_64_TO_32_BIT_CONVERSION = YES;
				GCC_WARN_ABOUT_RETURN_TYPE = YES_ERROR;
				GCC_WARN_UNDECLARED_SELECTOR = YES;
				GCC_WARN_UNINITIALIZED_AUTOS = YES_AGGRESSIVE;
				GCC_WARN_UNUSED_FUNCTION = YES;
				GCC_WARN_UNUSED_VARIABLE = YES;
				IPHONEOS_DEPLOYMENT_TARGET = 11.3;
				MTL_ENABLE_DEBUG_INFO = YES;
				ONLY_ACTIVE_ARCH = YES;
				SDKROOT = iphoneos;
				SWIFT_ACTIVE_COMPILATION_CONDITIONS = DEBUG;
				SWIFT_OPTIMIZATION_LEVEL = "-Onone";
			};
			name = Debug;
		};
		2953E9EC20B885C600369614 /* Release */ = {
			isa = XCBuildConfiguration;
			buildSettings = {
				ALWAYS_SEARCH_USER_PATHS = NO;
				CLANG_ANALYZER_NONNULL = YES;
				CLANG_ANALYZER_NUMBER_OBJECT_CONVERSION = YES_AGGRESSIVE;
				CLANG_CXX_LANGUAGE_STANDARD = "gnu++14";
				CLANG_CXX_LIBRARY = "libc++";
				CLANG_ENABLE_MODULES = YES;
				CLANG_ENABLE_OBJC_ARC = YES;
				CLANG_ENABLE_OBJC_WEAK = YES;
				CLANG_WARN_BLOCK_CAPTURE_AUTORELEASING = YES;
				CLANG_WARN_BOOL_CONVERSION = YES;
				CLANG_WARN_COMMA = YES;
				CLANG_WARN_CONSTANT_CONVERSION = YES;
				CLANG_WARN_DEPRECATED_OBJC_IMPLEMENTATIONS = YES;
				CLANG_WARN_DIRECT_OBJC_ISA_USAGE = YES_ERROR;
				CLANG_WARN_DOCUMENTATION_COMMENTS = YES;
				CLANG_WARN_EMPTY_BODY = YES;
				CLANG_WARN_ENUM_CONVERSION = YES;
				CLANG_WARN_INFINITE_RECURSION = YES;
				CLANG_WARN_INT_CONVERSION = YES;
				CLANG_WARN_NON_LITERAL_NULL_CONVERSION = YES;
				CLANG_WARN_OBJC_IMPLICIT_RETAIN_SELF = YES;
				CLANG_WARN_OBJC_LITERAL_CONVERSION = YES;
				CLANG_WARN_OBJC_ROOT_CLASS = YES_ERROR;
				CLANG_WARN_RANGE_LOOP_ANALYSIS = YES;
				CLANG_WARN_STRICT_PROTOTYPES = YES;
				CLANG_WARN_SUSPICIOUS_MOVE = YES;
				CLANG_WARN_UNGUARDED_AVAILABILITY = YES_AGGRESSIVE;
				CLANG_WARN_UNREACHABLE_CODE = YES;
				CLANG_WARN__DUPLICATE_METHOD_MATCH = YES;
				CODE_SIGN_IDENTITY = "iPhone Developer";
				COPY_PHASE_STRIP = NO;
				DEBUG_INFORMATION_FORMAT = "dwarf-with-dsym";
				ENABLE_NS_ASSERTIONS = NO;
				ENABLE_STRICT_OBJC_MSGSEND = YES;
				GCC_C_LANGUAGE_STANDARD = gnu11;
				GCC_NO_COMMON_BLOCKS = YES;
				GCC_WARN_64_TO_32_BIT_CONVERSION = YES;
				GCC_WARN_ABOUT_RETURN_TYPE = YES_ERROR;
				GCC_WARN_UNDECLARED_SELECTOR = YES;
				GCC_WARN_UNINITIALIZED_AUTOS = YES_AGGRESSIVE;
				GCC_WARN_UNUSED_FUNCTION = YES;
				GCC_WARN_UNUSED_VARIABLE = YES;
				IPHONEOS_DEPLOYMENT_TARGET = 11.3;
				MTL_ENABLE_DEBUG_INFO = NO;
				SDKROOT = iphoneos;
				SWIFT_COMPILATION_MODE = wholemodule;
				SWIFT_OPTIMIZATION_LEVEL = "-O";
				VALIDATE_PRODUCT = YES;
			};
			name = Release;
		};
		2953E9EE20B885C600369614 /* Debug */ = {
			isa = XCBuildConfiguration;
			buildSettings = {
				ASSETCATALOG_COMPILER_APPICON_NAME = AppIcon;
				CODE_SIGN_STYLE = Automatic;
				DEVELOPMENT_TEAM = 3E4BQMHR3R;
				INFOPLIST_FILE = CarGuard/Info.plist;
				LD_RUNPATH_SEARCH_PATHS = (
					"$(inherited)",
					"@executable_path/Frameworks",
				);
				PRODUCT_BUNDLE_IDENTIFIER = com.dignital.CarGuard;
				PRODUCT_NAME = "$(TARGET_NAME)";
				SWIFT_VERSION = 4.0;
				TARGETED_DEVICE_FAMILY = "1,2";
			};
			name = Debug;
		};
		2953E9EF20B885C600369614 /* Release */ = {
			isa = XCBuildConfiguration;
			buildSettings = {
				ASSETCATALOG_COMPILER_APPICON_NAME = AppIcon;
				CODE_SIGN_STYLE = Automatic;
				DEVELOPMENT_TEAM = 3E4BQMHR3R;
				INFOPLIST_FILE = CarGuard/Info.plist;
				LD_RUNPATH_SEARCH_PATHS = (
					"$(inherited)",
					"@executable_path/Frameworks",
				);
				PRODUCT_BUNDLE_IDENTIFIER = com.dignital.CarGuard;
				PRODUCT_NAME = "$(TARGET_NAME)";
				SWIFT_VERSION = 4.0;
				TARGETED_DEVICE_FAMILY = "1,2";
			};
			name = Release;
		};
		2953E9F120B885C600369614 /* Debug */ = {
			isa = XCBuildConfiguration;
			buildSettings = {
				ALWAYS_EMBED_SWIFT_STANDARD_LIBRARIES = YES;
				BUNDLE_LOADER = "$(TEST_HOST)";
				CODE_SIGN_STYLE = Automatic;
				DEVELOPMENT_TEAM = 3E4BQMHR3R;
				INFOPLIST_FILE = CarGuardTests/Info.plist;
				LD_RUNPATH_SEARCH_PATHS = (
					"$(inherited)",
					"@executable_path/Frameworks",
					"@loader_path/Frameworks",
				);
				PRODUCT_BUNDLE_IDENTIFIER = com.dignital.CarGuardTests;
				PRODUCT_NAME = "$(TARGET_NAME)";
				SWIFT_VERSION = 4.0;
				TARGETED_DEVICE_FAMILY = "1,2";
				TEST_HOST = "$(BUILT_PRODUCTS_DIR)/CarGuard.app/CarGuard";
			};
			name = Debug;
		};
		2953E9F220B885C600369614 /* Release */ = {
			isa = XCBuildConfiguration;
			buildSettings = {
				ALWAYS_EMBED_SWIFT_STANDARD_LIBRARIES = YES;
				BUNDLE_LOADER = "$(TEST_HOST)";
				CODE_SIGN_STYLE = Automatic;
				DEVELOPMENT_TEAM = 3E4BQMHR3R;
				INFOPLIST_FILE = CarGuardTests/Info.plist;
				LD_RUNPATH_SEARCH_PATHS = (
					"$(inherited)",
					"@executable_path/Frameworks",
					"@loader_path/Frameworks",
				);
				PRODUCT_BUNDLE_IDENTIFIER = com.dignital.CarGuardTests;
				PRODUCT_NAME = "$(TARGET_NAME)";
				SWIFT_VERSION = 4.0;
				TARGETED_DEVICE_FAMILY = "1,2";
				TEST_HOST = "$(BUILT_PRODUCTS_DIR)/CarGuard.app/CarGuard";
			};
			name = Release;
		};
/* End XCBuildConfiguration section */

/* Begin XCConfigurationList section */
		2953E9CB20B885C400369614 /* Build configuration list for PBXProject "CarGuard" */ = {
			isa = XCConfigurationList;
			buildConfigurations = (
				2953E9EB20B885C600369614 /* Debug */,
				2953E9EC20B885C600369614 /* Release */,
			);
			defaultConfigurationIsVisible = 0;
			defaultConfigurationName = Release;
		};
		2953E9ED20B885C600369614 /* Build configuration list for PBXNativeTarget "CarGuard" */ = {
			isa = XCConfigurationList;
			buildConfigurations = (
				2953E9EE20B885C600369614 /* Debug */,
				2953E9EF20B885C600369614 /* Release */,
			);
			defaultConfigurationIsVisible = 0;
			defaultConfigurationName = Release;
		};
		2953E9F020B885C600369614 /* Build configuration list for PBXNativeTarget "CarGuardTests" */ = {
			isa = XCConfigurationList;
			buildConfigurations = (
				2953E9F120B885C600369614 /* Debug */,
				2953E9F220B885C600369614 /* Release */,
			);
			defaultConfigurationIsVisible = 0;
			defaultConfigurationName = Release;
		};
/* End XCConfigurationList section */
	};
	rootObject = 2953E9C820B885C400369614 /* Project object */;
}
